
Microsoft Visual Studio Solution File, Format Version 12.00
# Visual Studio Version 17
VisualStudioVersion = 17.11.35312.102
MinimumVisualStudioVersion = 10.0.40219.1
Project("{FAE04EC0-301F-11D3-BF4B-00C04F79EFBC}") = "ProjetoDKR", "ProjetoDKR.csproj", "{D30A4E46-469C-405C-B7FB-9FE959542DE2}"
EndProject
Global
	GlobalSection(SolutionConfigurationPlatforms) = preSolution
		Debug|Any CPU = Debug|Any CPU
		Release|Any CPU = Release|Any CPU
	EndGlobalSection
	GlobalSection(ProjectConfigurationPlatforms) = postSolution
		{D30A4E46-469C-405C-B7FB-9FE959542DE2}.Debug|Any CPU.ActiveCfg = Debug|Any CPU
		{D30A4E46-469C-405C-B7FB-9FE959542DE2}.Debug|Any CPU.Build.0 = Debug|Any CPU
		{D30A4E46-469C-405C-B7FB-9FE959542DE2}.Release|Any CPU.ActiveCfg = Release|Any CPU
		{D30A4E46-469C-405C-B7FB-9FE959542DE2}.Release|Any CPU.Build.0 = Release|Any CPU
	EndGlobalSection
	GlobalSection(SolutionProperties) = preSolution
		HideSolutionNode = FALSE
	EndGlobalSection
	GlobalSection(ExtensibilityGlobals) = postSolution
		SolutionGuid = {107A8CFF-BD87-482F-A8BC-2FC68303A209}
	EndGlobalSection
EndGlobal
